packages:
  - package: dbt-labs/dbt_utils
    version: 1.1.1
  - package: calogica/dbt_date
    version: 0.10.0
  - git: https://github.com/dbt-labs/dbt-audit-helper.git
    revision: d10124ad1ebde3a1a7f140e2616814229fab8bbd
  - package: bqbooster/dbt_bigquery_monitoring
    version: 0.10.3
sha1_hash: 4f45fe703bec747c15296c1e6338bb5024a50c9d
